
Microsoft Visual Studio Solution File, Format Version 12.00
# Visual Studio Version 17
VisualStudioVersion = 17.7.34221.43
MinimumVisualStudioVersion = 10.0.40219.1
Project("{FAE04EC0-301F-11D3-BF4B-00C04F79EFBC}") = "SUMA_OPERACION", "SUMA_OPERACION\SUMA_OPERACION.csproj", "{022AA0F6-ACBC-40BF-A0A8-0E976E989E4D}"
EndProject
Global
	GlobalSection(SolutionConfigurationPlatforms) = preSolution
		Debug|Any CPU = Debug|Any CPU
		Release|Any CPU = Release|Any CPU
	EndGlobalSection
	GlobalSection(ProjectConfigurationPlatforms) = postSolution
		{022AA0F6-ACBC-40BF-A0A8-0E976E989E4D}.Debug|Any CPU.ActiveCfg = Debug|Any CPU
		{022AA0F6-ACBC-40BF-A0A8-0E976E989E4D}.Debug|Any CPU.Build.0 = Debug|Any CPU
		{022AA0F6-ACBC-40BF-A0A8-0E976E989E4D}.Release|Any CPU.ActiveCfg = Release|Any CPU
		{022AA0F6-ACBC-40BF-A0A8-0E976E989E4D}.Release|Any CPU.Build.0 = Release|Any CPU
	EndGlobalSection
	GlobalSection(SolutionProperties) = preSolution
		HideSolutionNode = FALSE
	EndGlobalSection
	GlobalSection(ExtensibilityGlobals) = postSolution
		SolutionGuid = {0E5E6517-B83C-41C4-9FE0-A1BBCE57839F}
	EndGlobalSection
EndGlobal
