
Microsoft Visual Studio Solution File, Format Version 12.00
# Visual Studio Version 17
VisualStudioVersion = 17.7.34024.191
MinimumVisualStudioVersion = 10.0.40219.1
Project("{FAE04EC0-301F-11D3-BF4B-00C04F79EFBC}") = "División", "División.csproj", "{6C6D9295-FEC6-4FFF-847A-F9C85627A483}"
EndProject
Global
	GlobalSection(SolutionConfigurationPlatforms) = preSolution
		Debug|Any CPU = Debug|Any CPU
		Release|Any CPU = Release|Any CPU
	EndGlobalSection
	GlobalSection(ProjectConfigurationPlatforms) = postSolution
		{6C6D9295-FEC6-4FFF-847A-F9C85627A483}.Debug|Any CPU.ActiveCfg = Debug|Any CPU
		{6C6D9295-FEC6-4FFF-847A-F9C85627A483}.Debug|Any CPU.Build.0 = Debug|Any CPU
		{6C6D9295-FEC6-4FFF-847A-F9C85627A483}.Release|Any CPU.ActiveCfg = Release|Any CPU
		{6C6D9295-FEC6-4FFF-847A-F9C85627A483}.Release|Any CPU.Build.0 = Release|Any CPU
	EndGlobalSection
	GlobalSection(SolutionProperties) = preSolution
		HideSolutionNode = FALSE
	EndGlobalSection
	GlobalSection(ExtensibilityGlobals) = postSolution
		SolutionGuid = {EA385030-2233-4862-83AD-CD58AF68137B}
	EndGlobalSection
EndGlobal
