
Microsoft Visual Studio Solution File, Format Version 12.00
# Visual Studio Version 17
VisualStudioVersion = 17.7.34024.191
MinimumVisualStudioVersion = 10.0.40219.1
Project("{FAE04EC0-301F-11D3-BF4B-00C04F79EFBC}") = "Multiplicación", "Multiplicación.csproj", "{55E87B92-7124-4DC2-8E73-74B618D893B5}"
EndProject
Global
	GlobalSection(SolutionConfigurationPlatforms) = preSolution
		Debug|Any CPU = Debug|Any CPU
		Release|Any CPU = Release|Any CPU
	EndGlobalSection
	GlobalSection(ProjectConfigurationPlatforms) = postSolution
		{55E87B92-7124-4DC2-8E73-74B618D893B5}.Debug|Any CPU.ActiveCfg = Debug|Any CPU
		{55E87B92-7124-4DC2-8E73-74B618D893B5}.Debug|Any CPU.Build.0 = Debug|Any CPU
		{55E87B92-7124-4DC2-8E73-74B618D893B5}.Release|Any CPU.ActiveCfg = Release|Any CPU
		{55E87B92-7124-4DC2-8E73-74B618D893B5}.Release|Any CPU.Build.0 = Release|Any CPU
	EndGlobalSection
	GlobalSection(SolutionProperties) = preSolution
		HideSolutionNode = FALSE
	EndGlobalSection
	GlobalSection(ExtensibilityGlobals) = postSolution
		SolutionGuid = {1E590C64-479A-4C4F-978D-3ED1EA8DA47C}
	EndGlobalSection
EndGlobal
